
Microsoft Visual Studio Solution File, Format Version 12.00
# Visual Studio 2013
VisualStudioVersion = 12.0.31101.0
MinimumVisualStudioVersion = 10.0.40219.1
Project("{FAE04EC0-301F-11D3-BF4B-00C04F79EFBC}") = "UntisExport", "informant-core\UntisExport.csproj", "{7E2DE76A-BF93-4B36-9223-D996F1C746CD}"
EndProject
Project("{FAE04EC0-301F-11D3-BF4B-00C04F79EFBC}") = "NUnitTests", "NUnitTests\NUnitTests.csproj", "{D48E596A-6E20-4747-95FA-B2EE675FAD58}"
EndProject
Global
	GlobalSection(SolutionConfigurationPlatforms) = preSolution
		AppStore|Any CPU = AppStore|Any CPU
		Debug|Any CPU = Debug|Any CPU
		Release|Any CPU = Release|Any CPU
	EndGlobalSection
	GlobalSection(ProjectConfigurationPlatforms) = postSolution
		{7E2DE76A-BF93-4B36-9223-D996F1C746CD}.AppStore|Any CPU.ActiveCfg = Debug|Any CPU
		{7E2DE76A-BF93-4B36-9223-D996F1C746CD}.AppStore|Any CPU.Build.0 = Debug|Any CPU
		{7E2DE76A-BF93-4B36-9223-D996F1C746CD}.Debug|Any CPU.ActiveCfg = Debug|Any CPU
		{7E2DE76A-BF93-4B36-9223-D996F1C746CD}.Debug|Any CPU.Build.0 = Debug|Any CPU
		{7E2DE76A-BF93-4B36-9223-D996F1C746CD}.Release|Any CPU.ActiveCfg = Release|Any CPU
		{7E2DE76A-BF93-4B36-9223-D996F1C746CD}.Release|Any CPU.Build.0 = Release|Any CPU
		{D48E596A-6E20-4747-95FA-B2EE675FAD58}.AppStore|Any CPU.ActiveCfg = Release|Any CPU
		{D48E596A-6E20-4747-95FA-B2EE675FAD58}.AppStore|Any CPU.Build.0 = Release|Any CPU
		{D48E596A-6E20-4747-95FA-B2EE675FAD58}.Debug|Any CPU.ActiveCfg = Debug|Any CPU
		{D48E596A-6E20-4747-95FA-B2EE675FAD58}.Debug|Any CPU.Build.0 = Debug|Any CPU
		{D48E596A-6E20-4747-95FA-B2EE675FAD58}.Release|Any CPU.ActiveCfg = Release|Any CPU
		{D48E596A-6E20-4747-95FA-B2EE675FAD58}.Release|Any CPU.Build.0 = Release|Any CPU
	EndGlobalSection
	GlobalSection(SolutionProperties) = preSolution
		HideSolutionNode = FALSE
	EndGlobalSection
	GlobalSection(MonoDevelopProperties) = preSolution
		StartupItem = testCon\testCon.csproj
	EndGlobalSection
EndGlobal
